// !$*UTF8*$!
{
	archiveVersion = 1;
	classes = {
	};
	objectVersion = 77;
	objects = {

/* Begin PBXBuildFile section */
		7C2654012E63C754004A2546 /* WidgetKit.framework in Frameworks */ = {isa = PBXBuildFile; fileRef = 7C2654002E63C754004A2546 /* WidgetKit.framework */; };
		7C2654032E63C754004A2546 /* SwiftUI.framework in Frameworks */ = {isa = PBXBuildFile; fileRef = 7C2654022E63C754004A2546 /* SwiftUI.framework */; };
		7C2654142E63C755004A2546 /* ExpenseWidgetExtension.appex in Embed Foundation Extensions */ = {isa = PBXBuildFile; fileRef = 7C2653FE2E63C753004A2546 /* ExpenseWidgetExtension.appex */; settings = {ATTRIBUTES = (RemoveHeadersOnCopy, ); }; };
/* End PBXBuildFile section */

/* Begin PBXContainerItemProxy section */
		7C2654122E63C755004A2546 /* PBXContainerItemProxy */ = {
			isa = PBXContainerItemProxy;
			containerPortal = 7C3F03C02E61E5A40026C64C /* Project object */;
			proxyType = 1;
			remoteGlobalIDString = 7C2653FD2E63C753004A2546;
			remoteInfo = ExpenseWidgetExtension;
		};
		7C3F03D62E61E5A60026C64C /* PBXContainerItemProxy */ = {
			isa = PBXContainerItemProxy;
			containerPortal = 7C3F03C02E61E5A40026C64C /* Project object */;
			proxyType = 1;
			remoteGlobalIDString = 7C3F03C72E61E5A40026C64C;
			remoteInfo = counter;
		};
		7C3F03E02E61E5A60026C64C /* PBXContainerItemProxy */ = {
			isa = PBXContainerItemProxy;
			containerPortal = 7C3F03C02E61E5A40026C64C /* Project object */;
			proxyType = 1;
			remoteGlobalIDString = 7C3F03C72E61E5A40026C64C;
			remoteInfo = counter;
		};
/* End PBXContainerItemProxy section */

/* Begin PBXCopyFilesBuildPhase section */
		7C2654192E63C755004A2546 /* Embed Foundation Extensions */ = {
			isa = PBXCopyFilesBuildPhase;
			buildActionMask = 2147483647;
			dstPath = "";
			dstSubfolderSpec = 13;
			files = (
				7C2654142E63C755004A2546 /* ExpenseWidgetExtension.appex in Embed Foundation Extensions */,
			);
			name = "Embed Foundation Extensions";
			runOnlyForDeploymentPostprocessing = 0;
		};
/* End PBXCopyFilesBuildPhase section */

/* Begin PBXFileReference section */
		7C2653FE2E63C753004A2546 /* ExpenseWidgetExtension.appex */ = {isa = PBXFileReference; explicitFileType = "wrapper.app-extension"; includeInIndex = 0; path = ExpenseWidgetExtension.appex; sourceTree = BUILT_PRODUCTS_DIR; };
		7C2654002E63C754004A2546 /* WidgetKit.framework */ = {isa = PBXFileReference; lastKnownFileType = wrapper.framework; name = WidgetKit.framework; path = System/Library/Frameworks/WidgetKit.framework; sourceTree = SDKROOT; };
		7C2654022E63C754004A2546 /* SwiftUI.framework */ = {isa = PBXFileReference; lastKnownFileType = wrapper.framework; name = SwiftUI.framework; path = System/Library/Frameworks/SwiftUI.framework; sourceTree = SDKROOT; };
		7C26541B2E63CC01004A2546 /* ExpenseWidgetExtension.entitlements */ = {isa = PBXFileReference; lastKnownFileType = text.plist.entitlements; path = ExpenseWidgetExtension.entitlements; sourceTree = "<group>"; };
		7C3F03C82E61E5A40026C64C /* counter.app */ = {isa = PBXFileReference; explicitFileType = wrapper.application; includeInIndex = 0; path = counter.app; sourceTree = BUILT_PRODUCTS_DIR; };
		7C3F03D52E61E5A60026C64C /* counterTests.xctest */ = {isa = PBXFileReference; explicitFileType = wrapper.cfbundle; includeInIndex = 0; path = counterTests.xctest; sourceTree = BUILT_PRODUCTS_DIR; };
		7C3F03DF2E61E5A60026C64C /* counterUITests.xctest */ = {isa = PBXFileReference; explicitFileType = wrapper.cfbundle; includeInIndex = 0; path = counterUITests.xctest; sourceTree = BUILT_PRODUCTS_DIR; };
/* End PBXFileReference section */

/* Begin PBXFileSystemSynchronizedBuildFileExceptionSet section */
		7C2654152E63C755004A2546 /* Exceptions for "ExpenseWidget" folder in "ExpenseWidgetExtension" target */ = {
			isa = PBXFileSystemSynchronizedBuildFileExceptionSet;
			membershipExceptions = (
				Info.plist,
			);
			target = 7C2653FD2E63C753004A2546 /* ExpenseWidgetExtension */;
		};
/* End PBXFileSystemSynchronizedBuildFileExceptionSet section */

/* Begin PBXFileSystemSynchronizedRootGroup section */
		7C2654042E63C754004A2546 /* ExpenseWidget */ = {
			isa = PBXFileSystemSynchronizedRootGroup;
			exceptions = (
				7C2654152E63C755004A2546 /* Exceptions for "ExpenseWidget" folder in "ExpenseWidgetExtension" target */,
			);
			path = ExpenseWidget;
			sourceTree = "<group>";
		};
		7C3F03CA2E61E5A40026C64C /* counter */ = {
			isa = PBXFileSystemSynchronizedRootGroup;
			path = counter;
			sourceTree = "<group>";
		};
		7C3F03D82E61E5A60026C64C /* counterTests */ = {
			isa = PBXFileSystemSynchronizedRootGroup;
			path = counterTests;
			sourceTree = "<group>";
		};
		7C3F03E22E61E5A60026C64C /* counterUITests */ = {
			isa = PBXFileSystemSynchronizedRootGroup;
			path = counterUITests;
			sourceTree = "<group>";
		};
/* End PBXFileSystemSynchronizedRootGroup section */

/* Begin PBXFrameworksBuildPhase section */
		7C2653FB2E63C753004A2546 /* Frameworks */ = {
			isa = PBXFrameworksBuildPhase;
			buildActionMask = 2147483647;
			files = (
				7C2654032E63C754004A2546 /* SwiftUI.framework in Frameworks */,
				7C2654012E63C754004A2546 /* WidgetKit.framework in Frameworks */,
			);
			runOnlyForDeploymentPostprocessing = 0;
		};
		7C3F03C52E61E5A40026C64C /* Frameworks */ = {
			isa = PBXFrameworksBuildPhase;
			buildActionMask = 2147483647;
			files = (
			);
			runOnlyForDeploymentPostprocessing = 0;
		};
		7C3F03D22E61E5A60026C64C /* Frameworks */ = {
			isa = PBXFrameworksBuildPhase;
			buildActionMask = 2147483647;
			files = (
			);
			runOnlyForDeploymentPostprocessing = 0;
		};
		7C3F03DC2E61E5A60026C64C /* Frameworks */ = {
			isa = PBXFrameworksBuildPhase;
			buildActionMask = 2147483647;
			files = (
			);
			runOnlyForDeploymentPostprocessing = 0;
		};
/* End PBXFrameworksBuildPhase section */

/* Begin PBXGroup section */
		7C2653FF2E63C754004A2546 /* Frameworks */ = {
			isa = PBXGroup;
			children = (
				7C2654002E63C754004A2546 /* WidgetKit.framework */,
				7C2654022E63C754004A2546 /* SwiftUI.framework */,
			);
			name = Frameworks;
			sourceTree = "<group>";
		};
		7C3F03BF2E61E5A40026C64C = {
			isa = PBXGroup;
			children = (
				7C26541B2E63CC01004A2546 /* ExpenseWidgetExtension.entitlements */,
				7C3F03CA2E61E5A40026C64C /* counter */,
				7C3F03D82E61E5A60026C64C /* counterTests */,
				7C3F03E22E61E5A60026C64C /* counterUITests */,
				7C2654042E63C754004A2546 /* ExpenseWidget */,
				7C2653FF2E63C754004A2546 /* Frameworks */,
				7C3F03C92E61E5A40026C64C /* Products */,
			);
			sourceTree = "<group>";
		};
		7C3F03C92E61E5A40026C64C /* Products */ = {
			isa = PBXGroup;
			children = (
				7C3F03C82E61E5A40026C64C /* counter.app */,
				7C3F03D52E61E5A60026C64C /* counterTests.xctest */,
				7C3F03DF2E61E5A60026C64C /* counterUITests.xctest */,
				7C2653FE2E63C753004A2546 /* ExpenseWidgetExtension.appex */,
			);
			name = Products;
			sourceTree = "<group>";
		};
/* End PBXGroup section */

/* Begin PBXNativeTarget section */
		7C2653FD2E63C753004A2546 /* ExpenseWidgetExtension */ = {
			isa = PBXNativeTarget;
			buildConfigurationList = 7C2654162E63C755004A2546 /* Build configuration list for PBXNativeTarget "ExpenseWidgetExtension" */;
			buildPhases = (
				7C2653FA2E63C753004A2546 /* Sources */,
				7C2653FB2E63C753004A2546 /* Frameworks */,
				7C2653FC2E63C753004A2546 /* Resources */,
			);
			buildRules = (
			);
			dependencies = (
			);
			fileSystemSynchronizedGroups = (
				7C2654042E63C754004A2546 /* ExpenseWidget */,
			);
			name = ExpenseWidgetExtension;
			packageProductDependencies = (
			);
			productName = ExpenseWidgetExtension;
			productReference = 7C2653FE2E63C753004A2546 /* ExpenseWidgetExtension.appex */;
			productType = "com.apple.product-type.app-extension";
		};
		7C3F03C72E61E5A40026C64C /* counter */ = {
			isa = PBXNativeTarget;
			buildConfigurationList = 7C3F03E92E61E5A60026C64C /* Build configuration list for PBXNativeTarget "counter" */;
			buildPhases = (
				7C3F03C42E61E5A40026C64C /* Sources */,
				7C3F03C52E61E5A40026C64C /* Frameworks */,
				7C3F03C62E61E5A40026C64C /* Resources */,
				7C2654192E63C755004A2546 /* Embed Foundation Extensions */,
			);
			buildRules = (
			);
			dependencies = (
				7C2654132E63C755004A2546 /* PBXTargetDependency */,
			);
			fileSystemSynchronizedGroups = (
				7C3F03CA2E61E5A40026C64C /* counter */,
			);
			name = counter;
			packageProductDependencies = (
			);
			productName = counter;
			productReference = 7C3F03C82E61E5A40026C64C /* counter.app */;
			productType = "com.apple.product-type.application";
		};
		7C3F03D42E61E5A60026C64C /* counterTests */ = {
			isa = PBXNativeTarget;
			buildConfigurationList = 7C3F03EC2E61E5A60026C64C /* Build configuration list for PBXNativeTarget "counterTests" */;
			buildPhases = (
				7C3F03D12E61E5A60026C64C /* Sources */,
				7C3F03D22E61E5A60026C64C /* Frameworks */,
				7C3F03D32E61E5A60026C64C /* Resources */,
			);
			buildRules = (
			);
			dependencies = (
				7C3F03D72E61E5A60026C64C /* PBXTargetDependency */,
			);
			fileSystemSynchronizedGroups = (
				7C3F03D82E61E5A60026C64C /* counterTests */,
			);
			name = counterTests;
			packageProductDependencies = (
			);
			productName = counterTests;
			productReference = 7C3F03D52E61E5A60026C64C /* counterTests.xctest */;
			productType = "com.apple.product-type.bundle.unit-test";
		};
		7C3F03DE2E61E5A60026C64C /* counterUITests */ = {
			isa = PBXNativeTarget;
			buildConfigurationList = 7C3F03EF2E61E5A60026C64C /* Build configuration list for PBXNativeTarget "counterUITests" */;
			buildPhases = (
				7C3F03DB2E61E5A60026C64C /* Sources */,
				7C3F03DC2E61E5A60026C64C /* Frameworks */,
				7C3F03DD2E61E5A60026C64C /* Resources */,
			);
			buildRules = (
			);
			dependencies = (
				7C3F03E12E61E5A60026C64C /* PBXTargetDependency */,
			);
			fileSystemSynchronizedGroups = (
				7C3F03E22E61E5A60026C64C /* counterUITests */,
			);
			name = counterUITests;
			packageProductDependencies = (
			);
			productName = counterUITests;
			productReference = 7C3F03DF2E61E5A60026C64C /* counterUITests.xctest */;
			productType = "com.apple.product-type.bundle.ui-testing";
		};
/* End PBXNativeTarget section */

/* Begin PBXProject section */
		7C3F03C02E61E5A40026C64C /* Project object */ = {
			isa = PBXProject;
			attributes = {
				BuildIndependentTargetsInParallel = 1;
				LastSwiftUpdateCheck = 1640;
				LastUpgradeCheck = 1640;
				TargetAttributes = {
					7C2653FD2E63C753004A2546 = {
						CreatedOnToolsVersion = 16.4;
					};
					7C3F03C72E61E5A40026C64C = {
						CreatedOnToolsVersion = 16.4;
					};
					7C3F03D42E61E5A60026C64C = {
						CreatedOnToolsVersion = 16.4;
						TestTargetID = 7C3F03C72E61E5A40026C64C;
					};
					7C3F03DE2E61E5A60026C64C = {
						CreatedOnToolsVersion = 16.4;
						TestTargetID = 7C3F03C72E61E5A40026C64C;
					};
				};
			};
			buildConfigurationList = 7C3F03C32E61E5A40026C64C /* Build configuration list for PBXProject "counter" */;
			developmentRegion = en;
			hasScannedForEncodings = 0;
			knownRegions = (
				en,
				Base,
			);
			mainGroup = 7C3F03BF2E61E5A40026C64C;
			minimizedProjectReferenceProxies = 1;
			preferredProjectObjectVersion = 77;
			productRefGroup = 7C3F03C92E61E5A40026C64C /* Products */;
			projectDirPath = "";
			projectRoot = "";
			targets = (
				7C3F03C72E61E5A40026C64C /* counter */,
				7C3F03D42E61E5A60026C64C /* counterTests */,
				7C3F03DE2E61E5A60026C64C /* counterUITests */,
				7C2653FD2E63C753004A2546 /* ExpenseWidgetExtension */,
			);
		};
/* End PBXProject section */

/* Begin PBXResourcesBuildPhase section */
		7C2653FC2E63C753004A2546 /* Resources */ = {
			isa = PBXResourcesBuildPhase;
			buildActionMask = 2147483647;
			files = (
			);
			runOnlyForDeploymentPostprocessing = 0;
		};
		7C3F03C62E61E5A40026C64C /* Resources */ = {
			isa = PBXResourcesBuildPhase;
			buildActionMask = 2147483647;
			files = (
			);
			runOnlyForDeploymentPostprocessing = 0;
		};
		7C3F03D32E61E5A60026C64C /* Resources */ = {
			isa = PBXResourcesBuildPhase;
			buildActionMask = 2147483647;
			files = (
			);
			runOnlyForDeploymentPostprocessing = 0;
		};
		7C3F03DD2E61E5A60026C64C /* Resources */ = {
			isa = PBXResourcesBuildPhase;
			buildActionMask = 2147483647;
			files = (
			);
			runOnlyForDeploymentPostprocessing = 0;
		};
/* End PBXResourcesBuildPhase section */

/* Begin PBXSourcesBuildPhase section */
		7C2653FA2E63C753004A2546 /* Sources */ = {
			isa = PBXSourcesBuildPhase;
			buildActionMask = 2147483647;
			files = (
			);
			runOnlyForDeploymentPostprocessing = 0;
		};
		7C3F03C42E61E5A40026C64C /* Sources */ = {
			isa = PBXSourcesBuildPhase;
			buildActionMask = 2147483647;
			files = (
			);
			runOnlyForDeploymentPostprocessing = 0;
		};
		7C3F03D12E61E5A60026C64C /* Sources */ = {
			isa = PBXSourcesBuildPhase;
			buildActionMask = 2147483647;
			files = (
			);
			runOnlyForDeploymentPostprocessing = 0;
		};
		7C3F03DB2E61E5A60026C64C /* Sources */ = {
			isa = PBXSourcesBuildPhase;
			buildActionMask = 2147483647;
			files = (
			);
			runOnlyForDeploymentPostprocessing = 0;
		};
/* End PBXSourcesBuildPhase section */

/* Begin PBXTargetDependency section */
		7C2654132E63C755004A2546 /* PBXTargetDependency */ = {
			isa = PBXTargetDependency;
			target = 7C2653FD2E63C753004A2546 /* ExpenseWidgetExtension */;
			targetProxy = 7C2654122E63C755004A2546 /* PBXContainerItemProxy */;
		};
		7C3F03D72E61E5A60026C64C /* PBXTargetDependency */ = {
			isa = PBXTargetDependency;
			target = 7C3F03C72E61E5A40026C64C /* counter */;
			targetProxy = 7C3F03D62E61E5A60026C64C /* PBXContainerItemProxy */;
		};
		7C3F03E12E61E5A60026C64C /* PBXTargetDependency */ = {
			isa = PBXTargetDependency;
			target = 7C3F03C72E61E5A40026C64C /* counter */;
			targetProxy = 7C3F03E02E61E5A60026C64C /* PBXContainerItemProxy */;
		};
/* End PBXTargetDependency section */

/* Begin XCBuildConfiguration section */
		7C2654172E63C755004A2546 /* Debug */ = {
			isa = XCBuildConfiguration;
			buildSettings = {
				ASSETCATALOG_COMPILER_GLOBAL_ACCENT_COLOR_NAME = AccentColor;
				ASSETCATALOG_COMPILER_WIDGET_BACKGROUND_COLOR_NAME = WidgetBackground;
				CODE_SIGN_ENTITLEMENTS = ExpenseWidgetExtension.entitlements;
				CODE_SIGN_STYLE = Automatic;
				CURRENT_PROJECT_VERSION = 1;
				DEVELOPMENT_TEAM = FALT2Y6NYA;
				GENERATE_INFOPLIST_FILE = YES;
				INFOPLIST_FILE = ExpenseWidget/Info.plist;
				INFOPLIST_KEY_CFBundleDisplayName = ExpenseWidget;
				INFOPLIST_KEY_NSHumanReadableCopyright = "";
				LD_RUNPATH_SEARCH_PATHS = (
					"$(inherited)",
					"@executable_path/Frameworks",
					"@executable_path/../../Frameworks",
				);
				MARKETING_VERSION = 1.0;
				PRODUCT_BUNDLE_IDENTIFIER = day2day.counter.ExpenseWidget;
				PRODUCT_NAME = "$(TARGET_NAME)";
				SKIP_INSTALL = YES;
				SWIFT_EMIT_LOC_STRINGS = YES;
				SWIFT_VERSION = 5.0;
				TARGETED_DEVICE_FAMILY = "1,2";
			};
			name = Debug;
		};
		7C2654182E63C755004A2546 /* Release */ = {
			isa = XCBuildConfiguration;
			buildSettings = {
				ASSETCATALOG_COMPILER_GLOBAL_ACCENT_COLOR_NAME = AccentColor;
				ASSETCATALOG_COMPILER_WIDGET_BACKGROUND_COLOR_NAME = WidgetBackground;
				CODE_SIGN_ENTITLEMENTS = ExpenseWidgetExtension.entitlements;
				CODE_SIGN_STYLE = Automatic;
				CURRENT_PROJECT_VERSION = 1;
				DEVELOPMENT_TEAM = FALT2Y6NYA;
				GENERATE_INFOPLIST_FILE = YES;
				INFOPLIST_FILE = ExpenseWidget/Info.plist;
				INFOPLIST_KEY_CFBundleDisplayName = ExpenseWidget;
				INFOPLIST_KEY_NSHumanReadableCopyright = "";
				LD_RUNPATH_SEARCH_PATHS = (
					"$(inherited)",
					"@executable_path/Frameworks",
					"@executable_path/../../Frameworks",
				);
				MARKETING_VERSION = 1.0;
				PRODUCT_BUNDLE_IDENTIFIER = day2day.counter.ExpenseWidget;
				PRODUCT_NAME = "$(TARGET_NAME)";
				SKIP_INSTALL = YES;
				SWIFT_EMIT_LOC_STRINGS = YES;
				SWIFT_VERSION = 5.0;
				TARGETED_DEVICE_FAMILY = "1,2";
			};
			name = Release;
		};
		7C3F03E72E61E5A60026C64C /* Debug */ = {
			isa = XCBuildConfiguration;
			buildSettings = {
				ALWAYS_SEARCH_USER_PATHS = NO;
				ASSETCATALOG_COMPILER_GENERATE_SWIFT_ASSET_SYMBOL_EXTENSIONS = YES;
				CLANG_ANALYZER_NONNULL = YES;
				CLANG_ANALYZER_NUMBER_OBJECT_CONVERSION = YES_AGGRESSIVE;
				CLANG_CXX_LANGUAGE_STANDARD = "gnu++20";
				CLANG_ENABLE_MODULES = YES;
				CLANG_ENABLE_OBJC_ARC = YES;
				CLANG_ENABLE_OBJC_WEAK = YES;
				CLANG_WARN_BLOCK_CAPTURE_AUTORELEASING = YES;
				CLANG_WARN_BOOL_CONVERSION = YES;
				CLANG_WARN_COMMA = YES;
				CLANG_WARN_CONSTANT_CONVERSION = YES;
				CLANG_WARN_DEPRECATED_OBJC_IMPLEMENTATIONS = YES;
				CLANG_WARN_DIRECT_OBJC_ISA_USAGE = YES_ERROR;
				CLANG_WARN_DOCUMENTATION_COMMENTS = YES;
				CLANG_WARN_EMPTY_BODY = YES;
				CLANG_WARN_ENUM_CONVERSION = YES;
				CLANG_WARN_INFINITE_RECURSION = YES;
				CLANG_WARN_INT_CONVERSION = YES;
				CLANG_WARN_NON_LITERAL_NULL_CONVERSION = YES;
				CLANG_WARN_OBJC_IMPLICIT_RETAIN_SELF = YES;
				CLANG_WARN_OBJC_LITERAL_CONVERSION = YES;
				CLANG_WARN_OBJC_ROOT_CLASS = YES_ERROR;
				CLANG_WARN_QUOTED_INCLUDE_IN_FRAMEWORK_HEADER = YES;
				CLANG_WARN_RANGE_LOOP_ANALYSIS = YES;
				CLANG_WARN_STRICT_PROTOTYPES = YES;
				CLANG_WARN_SUSPICIOUS_MOVE = YES;
				CLANG_WARN_UNGUARDED_AVAILABILITY = YES_AGGRESSIVE;
				CLANG_WARN_UNREACHABLE_CODE = YES;
				CLANG_WARN__DUPLICATE_METHOD_MATCH = YES;
				COPY_PHASE_STRIP = NO;
				DEBUG_INFORMATION_FORMAT = dwarf;
				ENABLE_STRICT_OBJC_MSGSEND = YES;
				ENABLE_TESTABILITY = YES;
				ENABLE_USER_SCRIPT_SANDBOXING = YES;
				GCC_C_LANGUAGE_STANDARD = gnu17;
				GCC_DYNAMIC_NO_PIC = NO;
				GCC_NO_COMMON_BLOCKS = YES;
				GCC_OPTIMIZATION_LEVEL = 0;
				GCC_PREPROCESSOR_DEFINITIONS = (
					"DEBUG=1",
					"$(inherited)",
				);
				GCC_WARN_64_TO_32_BIT_CONVERSION = YES;
				GCC_WARN_ABOUT_RETURN_TYPE = YES_ERROR;
				GCC_WARN_UNDECLARED_SELECTOR = YES;
				GCC_WARN_UNINITIALIZED_AUTOS = YES_AGGRESSIVE;
				GCC_WARN_UNUSED_FUNCTION = YES;
				GCC_WARN_UNUSED_VARIABLE = YES;
				IPHONEOS_DEPLOYMENT_TARGET = 18.5;
				LOCALIZATION_PREFERS_STRING_CATALOGS = YES;
				MTL_ENABLE_DEBUG_INFO = INCLUDE_SOURCE;
				MTL_FAST_MATH = YES;
				ONLY_ACTIVE_ARCH = YES;
				SDKROOT = iphoneos;
				SWIFT_ACTIVE_COMPILATION_CONDITIONS = "DEBUG $(inherited)";
				SWIFT_OPTIMIZATION_LEVEL = "-Onone";
			};
			name = Debug;
		};
		7C3F03E82E61E5A60026C64C /* Release */ = {
			isa = XCBuildConfiguration;
			buildSettings = {
				ALWAYS_SEARCH_USER_PATHS = NO;
				ASSETCATALOG_COMPILER_GENERATE_SWIFT_ASSET_SYMBOL_EXTENSIONS = YES;
				CLANG_ANALYZER_NONNULL = YES;
				CLANG_ANALYZER_NUMBER_OBJECT_CONVERSION = YES_AGGRESSIVE;
				CLANG_CXX_LANGUAGE_STANDARD = "gnu++20";
				CLANG_ENABLE_MODULES = YES;
				CLANG_ENABLE_OBJC_ARC = YES;
				CLANG_ENABLE_OBJC_WEAK = YES;
				CLANG_WARN_BLOCK_CAPTURE_AUTORELEASING = YES;
				CLANG_WARN_BOOL_CONVERSION = YES;
				CLANG_WARN_COMMA = YES;
				CLANG_WARN_CONSTANT_CONVERSION = YES;
				CLANG_WARN_DEPRECATED_OBJC_IMPLEMENTATIONS = YES;
				CLANG_WARN_DIRECT_OBJC_ISA_USAGE = YES_ERROR;
				CLANG_WARN_DOCUMENTATION_COMMENTS = YES;
				CLANG_WARN_EMPTY_BODY = YES;
				CLANG_WARN_ENUM_CONVERSION = YES;
				CLANG_WARN_INFINITE_RECURSION = YES;
				CLANG_WARN_INT_CONVERSION = YES;
				CLANG_WARN_NON_LITERAL_NULL_CONVERSION = YES;
				CLANG_WARN_OBJC_IMPLICIT_RETAIN_SELF = YES;
				CLANG_WARN_OBJC_LITERAL_CONVERSION = YES;
				CLANG_WARN_OBJC_ROOT_CLASS = YES_ERROR;
				CLANG_WARN_QUOTED_INCLUDE_IN_FRAMEWORK_HEADER = YES;
				CLANG_WARN_RANGE_LOOP_ANALYSIS = YES;
				CLANG_WARN_STRICT_PROTOTYPES = YES;
				CLANG_WARN_SUSPICIOUS_MOVE = YES;
				CLANG_WARN_UNGUARDED_AVAILABILITY = YES_AGGRESSIVE;
				CLANG_WARN_UNREACHABLE_CODE = YES;
				CLANG_WARN__DUPLICATE_METHOD_MATCH = YES;
				COPY_PHASE_STRIP = NO;
				DEBUG_INFORMATION_FORMAT = "dwarf-with-dsym";
				ENABLE_NS_ASSERTIONS = NO;
				ENABLE_STRICT_OBJC_MSGSEND = YES;
				ENABLE_USER_SCRIPT_SANDBOXING = YES;
				GCC_C_LANGUAGE_STANDARD = gnu17;
				GCC_NO_COMMON_BLOCKS = YES;
				GCC_WARN_64_TO_32_BIT_CONVERSION = YES;
				GCC_WARN_ABOUT_RETURN_TYPE = YES_ERROR;
				GCC_WARN_UNDECLARED_SELECTOR = YES;
				GCC_WARN_UNINITIALIZED_AUTOS = YES_AGGRESSIVE;
				GCC_WARN_UNUSED_FUNCTION = YES;
				GCC_WARN_UNUSED_VARIABLE = YES;
				IPHONEOS_DEPLOYMENT_TARGET = 18.5;
				LOCALIZATION_PREFERS_STRING_CATALOGS = YES;
				MTL_ENABLE_DEBUG_INFO = NO;
				MTL_FAST_MATH = YES;
				SDKROOT = iphoneos;
				SWIFT_COMPILATION_MODE = wholemodule;
				VALIDATE_PRODUCT = YES;
			};
			name = Release;
		};
		7C3F03EA2E61E5A60026C64C /* Debug */ = {
			isa = XCBuildConfiguration;
			buildSettings = {
				ASSETCATALOG_COMPILER_APPICON_NAME = AppIcon;
				ASSETCATALOG_COMPILER_GLOBAL_ACCENT_COLOR_NAME = AccentColor;
				CODE_SIGN_ENTITLEMENTS = counter/counter.entitlements;
				CODE_SIGN_STYLE = Automatic;
				CURRENT_PROJECT_VERSION = 1;
				DEVELOPMENT_TEAM = FALT2Y6NYA;
				ENABLE_PREVIEWS = YES;
				GENERATE_INFOPLIST_FILE = YES;
				INFOPLIST_KEY_UIApplicationSceneManifest_Generation = YES;
				INFOPLIST_KEY_UIApplicationSupportsIndirectInputEvents = YES;
				INFOPLIST_KEY_UILaunchScreen_Generation = YES;
				INFOPLIST_KEY_UISupportedInterfaceOrientations_iPad = "UIInterfaceOrientationPortrait UIInterfaceOrientationPortraitUpsideDown UIInterfaceOrientationLandscapeLeft UIInterfaceOrientationLandscapeRight";
				INFOPLIST_KEY_UISupportedInterfaceOrientations_iPhone = "UIInterfaceOrientationPortrait UIInterfaceOrientationLandscapeLeft UIInterfaceOrientationLandscapeRight";
				LD_RUNPATH_SEARCH_PATHS = (
					"$(inherited)",
					"@executable_path/Frameworks",
				);
				MARKETING_VERSION = 1.0;
				PRODUCT_BUNDLE_IDENTIFIER = day2day.counter;
				PRODUCT_NAME = "$(TARGET_NAME)";
				SWIFT_EMIT_LOC_STRINGS = YES;
				SWIFT_VERSION = 5.0;
				TARGETED_DEVICE_FAMILY = "1,2";
			};
			name = Debug;
		};
		7C3F03EB2E61E5A60026C64C /* Release */ = {
			isa = XCBuildConfiguration;
			buildSettings = {
				ASSETCATALOG_COMPILER_APPICON_NAME = AppIcon;
				ASSETCATALOG_COMPILER_GLOBAL_ACCENT_COLOR_NAME = AccentColor;
				CODE_SIGN_ENTITLEMENTS = counter/counter.entitlements;
				CODE_SIGN_STYLE = Automatic;
				CURRENT_PROJECT_VERSION = 1;
				DEVELOPMENT_TEAM = FALT2Y6NYA;
				ENABLE_PREVIEWS = YES;
				GENERATE_INFOPLIST_FILE = YES;
				INFOPLIST_KEY_UIApplicationSceneManifest_Generation = YES;
				INFOPLIST_KEY_UIApplicationSupportsIndirectInputEvents = YES;
				INFOPLIST_KEY_UILaunchScreen_Generation = YES;
				INFOPLIST_KEY_UISupportedInterfaceOrientations_iPad = "UIInterfaceOrientationPortrait UIInterfaceOrientationPortraitUpsideDown UIInterfaceOrientationLandscapeLeft UIInterfaceOrientationLandscapeRight";
				INFOPLIST_KEY_UISupportedInterfaceOrientations_iPhone = "UIInterfaceOrientationPortrait UIInterfaceOrientationLandscapeLeft UIInterfaceOrientationLandscapeRight";
				LD_RUNPATH_SEARCH_PATHS = (
					"$(inherited)",
					"@executable_path/Frameworks",
				);
				MARKETING_VERSION = 1.0;
				PRODUCT_BUNDLE_IDENTIFIER = day2day.counter;
				PRODUCT_NAME = "$(TARGET_NAME)";
				SWIFT_EMIT_LOC_STRINGS = YES;
				SWIFT_VERSION = 5.0;
				TARGETED_DEVICE_FAMILY = "1,2";
			};
			name = Release;
		};
		7C3F03ED2E61E5A60026C64C /* Debug */ = {
			isa = XCBuildConfiguration;
			buildSettings = {
				BUNDLE_LOADER = "$(TEST_HOST)";
				CODE_SIGN_STYLE = Automatic;
				CURRENT_PROJECT_VERSION = 1;
				GENERATE_INFOPLIST_FILE = YES;
				IPHONEOS_DEPLOYMENT_TARGET = 18.5;
				MARKETING_VERSION = 1.0;
				PRODUCT_BUNDLE_IDENTIFIER = day2day.counterTests;
				PRODUCT_NAME = "$(TARGET_NAME)";
				SWIFT_EMIT_LOC_STRINGS = NO;
				SWIFT_VERSION = 5.0;
				TARGETED_DEVICE_FAMILY = "1,2";
				TEST_HOST = "$(BUILT_PRODUCTS_DIR)/counter.app/$(BUNDLE_EXECUTABLE_FOLDER_PATH)/counter";
			};
			name = Debug;
		};
		7C3F03EE2E61E5A60026C64C /* Release */ = {
			isa = XCBuildConfiguration;
			buildSettings = {
				BUNDLE_LOADER = "$(TEST_HOST)";
				CODE_SIGN_STYLE = Automatic;
				CURRENT_PROJECT_VERSION = 1;
				GENERATE_INFOPLIST_FILE = YES;
				IPHONEOS_DEPLOYMENT_TARGET = 18.5;
				MARKETING_VERSION = 1.0;
				PRODUCT_BUNDLE_IDENTIFIER = day2day.counterTests;
				PRODUCT_NAME = "$(TARGET_NAME)";
				SWIFT_EMIT_LOC_STRINGS = NO;
				SWIFT_VERSION = 5.0;
				TARGETED_DEVICE_FAMILY = "1,2";
				TEST_HOST = "$(BUILT_PRODUCTS_DIR)/counter.app/$(BUNDLE_EXECUTABLE_FOLDER_PATH)/counter";
			};
			name = Release;
		};
		7C3F03F02E61E5A60026C64C /* Debug */ = {
			isa = XCBuildConfiguration;
			buildSettings = {
				CODE_SIGN_STYLE = Automatic;
				CURRENT_PROJECT_VERSION = 1;
				GENERATE_INFOPLIST_FILE = YES;
				MARKETING_VERSION = 1.0;
				PRODUCT_BUNDLE_IDENTIFIER = day2day.counterUITests;
				PRODUCT_NAME = "$(TARGET_NAME)";
				SWIFT_EMIT_LOC_STRINGS = NO;
				SWIFT_VERSION = 5.0;
				TARGETED_DEVICE_FAMILY = "1,2";
				TEST_TARGET_NAME = counter;
			};
			name = Debug;
		};
		7C3F03F12E61E5A60026C64C /* Release */ = {
			isa = XCBuildConfiguration;
			buildSettings = {
				CODE_SIGN_STYLE = Automatic;
				CURRENT_PROJECT_VERSION = 1;
				GENERATE_INFOPLIST_FILE = YES;
				MARKETING_VERSION = 1.0;
				PRODUCT_BUNDLE_IDENTIFIER = day2day.counterUITests;
				PRODUCT_NAME = "$(TARGET_NAME)";
				SWIFT_EMIT_LOC_STRINGS = NO;
				SWIFT_VERSION = 5.0;
				TARGETED_DEVICE_FAMILY = "1,2";
				TEST_TARGET_NAME = counter;
			};
			name = Release;
		};
/* End XCBuildConfiguration section */

/* Begin XCConfigurationList section */
		7C2654162E63C755004A2546 /* Build configuration list for PBXNativeTarget "ExpenseWidgetExtension" */ = {
			isa = XCConfigurationList;
			buildConfigurations = (
				7C2654172E63C755004A2546 /* Debug */,
				7C2654182E63C755004A2546 /* Release */,
			);
			defaultConfigurationIsVisible = 0;
			defaultConfigurationName = Release;
		};
		7C3F03C32E61E5A40026C64C /* Build configuration list for PBXProject "counter" */ = {
			isa = XCConfigurationList;
			buildConfigurations = (
				7C3F03E72E61E5A60026C64C /* Debug */,
				7C3F03E82E61E5A60026C64C /* Release */,
			);
			defaultConfigurationIsVisible = 0;
			defaultConfigurationName = Release;
		};
		7C3F03E92E61E5A60026C64C /* Build configuration list for PBXNativeTarget "counter" */ = {
			isa = XCConfigurationList;
			buildConfigurations = (
				7C3F03EA2E61E5A60026C64C /* Debug */,
				7C3F03EB2E61E5A60026C64C /* Release */,
			);
			defaultConfigurationIsVisible = 0;
			defaultConfigurationName = Release;
		};
		7C3F03EC2E61E5A60026C64C /* Build configuration list for PBXNativeTarget "counterTests" */ = {
			isa = XCConfigurationList;
			buildConfigurations = (
				7C3F03ED2E61E5A60026C64C /* Debug */,
				7C3F03EE2E61E5A60026C64C /* Release */,
			);
			defaultConfigurationIsVisible = 0;
			defaultConfigurationName = Release;
		};
		7C3F03EF2E61E5A60026C64C /* Build configuration list for PBXNativeTarget "counterUITests" */ = {
			isa = XCConfigurationList;
			buildConfigurations = (
				7C3F03F02E61E5A60026C64C /* Debug */,
				7C3F03F12E61E5A60026C64C /* Release */,
			);
			defaultConfigurationIsVisible = 0;
			defaultConfigurationName = Release;
		};
/* End XCConfigurationList section */
	};
	rootObject = 7C3F03C02E61E5A40026C64C /* Project object */;
}
